// !$*UTF8*$!
{
	archiveVersion = 1;
	classes = {
	};
	objectVersion = 50;
	objects = {

/* Begin PBXBuildFile section */
		8E03944725AF674F00F1DA1E /* Client.swift in Sources */ = {isa = PBXBuildFile; fileRef = 8E03944625AF674F00F1DA1E /* Client.swift */; };
		8E06487025A3BF0B00577AF8 /* AppView.swift in Sources */ = {isa = PBXBuildFile; fileRef = 8E06486F25A3BF0B00577AF8 /* AppView.swift */; };
		8E06487225A3BF0B00577AF8 /* ContentView.swift in Sources */ = {isa = PBXBuildFile; fileRef = 8E06487125A3BF0B00577AF8 /* ContentView.swift */; };
		8E06487425A3BF0D00577AF8 /* Assets.xcassets in Resources */ = {isa = PBXBuildFile; fileRef = 8E06487325A3BF0D00577AF8 /* Assets.xcassets */; };
		8E06487725A3BF0D00577AF8 /* Preview Assets.xcassets in Resources */ = {isa = PBXBuildFile; fileRef = 8E06487625A3BF0D00577AF8 /* Preview Assets.xcassets */; };
		8E0648A725A49D6300577AF8 /* DSUMessage.swift in Sources */ = {isa = PBXBuildFile; fileRef = 8E0648A625A49D6300577AF8 /* DSUMessage.swift */; };
		8E0E518225A6540200410DFF /* SettingsView.swift in Sources */ = {isa = PBXBuildFile; fileRef = 8E0E518125A6540200410DFF /* SettingsView.swift */; };
		8E0E518725A6541300410DFF /* ControllersView.swift in Sources */ = {isa = PBXBuildFile; fileRef = 8E0E518625A6541300410DFF /* ControllersView.swift */; };
		8E0E518C25A6542000410DFF /* ServerView.swift in Sources */ = {isa = PBXBuildFile; fileRef = 8E0E518B25A6542000410DFF /* ServerView.swift */; };
		8E0E519D25A6620700410DFF /* ControllerInfo.swift in Sources */ = {isa = PBXBuildFile; fileRef = 8E0E519C25A6620700410DFF /* ControllerInfo.swift */; };
		8E0E51C425A7620B00410DFF /* DSUServer.swift in Sources */ = {isa = PBXBuildFile; fileRef = 8E0E51C325A7620B00410DFF /* DSUServer.swift */; };
		8E0E51C925A763D300410DFF /* ControllerService.swift in Sources */ = {isa = PBXBuildFile; fileRef = 8E0E51C825A763D300410DFF /* ControllerService.swift */; };
		8E1C55C026054AE00036AF7B /* Main.storyboard in Resources */ = {isa = PBXBuildFile; fileRef = 8E1C55BF26054AE00036AF7B /* Main.storyboard */; };
		8E1E217E25A8EC220058D04B /* ControllerBox.swift in Sources */ = {isa = PBXBuildFile; fileRef = 8E1E217D25A8EC220058D04B /* ControllerBox.swift */; };
		8E69047A260541C6004B69BD /* AppDelegate.swift in Sources */ = {isa = PBXBuildFile; fileRef = 8E690479260541C6004B69BD /* AppDelegate.swift */; };
		8E7924AE25A4AE660098A822 /* DSUController.swift in Sources */ = {isa = PBXBuildFile; fileRef = 8E7924AD25A4AE660098A822 /* DSUController.swift */; };
		8E93D71725B22F4A00BEAFB6 /* ClientsViewModel.swift in Sources */ = {isa = PBXBuildFile; fileRef = 8E93D71625B22F4A00BEAFB6 /* ClientsViewModel.swift */; };
		8E93D71D25B23A9800BEAFB6 /* ConnectedClient.swift in Sources */ = {isa = PBXBuildFile; fileRef = 8E93D71C25B23A9800BEAFB6 /* ConnectedClient.swift */; };
/* End PBXBuildFile section */

/* Begin PBXContainerItemProxy section */
		8E06487F25A3BF0D00577AF8 /* PBXContainerItemProxy */ = {
			isa = PBXContainerItemProxy;
			containerPortal = 8E06486425A3BF0B00577AF8 /* Project object */;
			proxyType = 1;
			remoteGlobalIDString = 8E06486B25A3BF0B00577AF8;
			remoteInfo = ds4macos;
		};
		8E06488A25A3BF0D00577AF8 /* PBXContainerItemProxy */ = {
			isa = PBXContainerItemProxy;
			containerPortal = 8E06486425A3BF0B00577AF8 /* Project object */;
			proxyType = 1;
			remoteGlobalIDString = 8E06486B25A3BF0B00577AF8;
			remoteInfo = ds4macos;
		};
/* End PBXContainerItemProxy section */

/* Begin PBXFileReference section */
		8E03944625AF674F00F1DA1E /* Client.swift */ = {isa = PBXFileReference; lastKnownFileType = sourcecode.swift; path = Client.swift; sourceTree = "<group>"; };
		8E06486C25A3BF0B00577AF8 /* ds4macos.app */ = {isa = PBXFileReference; explicitFileType = wrapper.application; includeInIndex = 0; path = ds4macos.app; sourceTree = BUILT_PRODUCTS_DIR; };
		8E06486F25A3BF0B00577AF8 /* AppView.swift */ = {isa = PBXFileReference; lastKnownFileType = sourcecode.swift; path = AppView.swift; sourceTree = "<group>"; };
		8E06487125A3BF0B00577AF8 /* ContentView.swift */ = {isa = PBXFileReference; lastKnownFileType = sourcecode.swift; path = ContentView.swift; sourceTree = "<group>"; };
		8E06487325A3BF0D00577AF8 /* Assets.xcassets */ = {isa = PBXFileReference; lastKnownFileType = folder.assetcatalog; path = Assets.xcassets; sourceTree = "<group>"; };
		8E06487625A3BF0D00577AF8 /* Preview Assets.xcassets */ = {isa = PBXFileReference; lastKnownFileType = folder.assetcatalog; path = "Preview Assets.xcassets"; sourceTree = "<group>"; };
		8E06487825A3BF0D00577AF8 /* Info.plist */ = {isa = PBXFileReference; lastKnownFileType = text.plist.xml; path = Info.plist; sourceTree = "<group>"; };
		8E06487925A3BF0D00577AF8 /* ds4macos.entitlements */ = {isa = PBXFileReference; lastKnownFileType = text.plist.entitlements; path = ds4macos.entitlements; sourceTree = "<group>"; };
		8E06487E25A3BF0D00577AF8 /* ds4macosTests.xctest */ = {isa = PBXFileReference; explicitFileType = wrapper.cfbundle; includeInIndex = 0; path = ds4macosTests.xctest; sourceTree = BUILT_PRODUCTS_DIR; };
		8E06488925A3BF0D00577AF8 /* ds4macosUITests.xctest */ = {isa = PBXFileReference; explicitFileType = wrapper.cfbundle; includeInIndex = 0; path = ds4macosUITests.xctest; sourceTree = BUILT_PRODUCTS_DIR; };
		8E0648A625A49D6300577AF8 /* DSUMessage.swift */ = {isa = PBXFileReference; lastKnownFileType = sourcecode.swift; path = DSUMessage.swift; sourceTree = "<group>"; };
		8E0E518125A6540200410DFF /* SettingsView.swift */ = {isa = PBXFileReference; lastKnownFileType = sourcecode.swift; path = SettingsView.swift; sourceTree = "<group>"; };
		8E0E518625A6541300410DFF /* ControllersView.swift */ = {isa = PBXFileReference; lastKnownFileType = sourcecode.swift; path = ControllersView.swift; sourceTree = "<group>"; };
		8E0E518B25A6542000410DFF /* ServerView.swift */ = {isa = PBXFileReference; lastKnownFileType = sourcecode.swift; path = ServerView.swift; sourceTree = "<group>"; };
		8E0E519C25A6620700410DFF /* ControllerInfo.swift */ = {isa = PBXFileReference; lastKnownFileType = sourcecode.swift; path = ControllerInfo.swift; sourceTree = "<group>"; };
		8E0E51C325A7620B00410DFF /* DSUServer.swift */ = {isa = PBXFileReference; lastKnownFileType = sourcecode.swift; path = DSUServer.swift; sourceTree = "<group>"; };
		8E0E51C825A763D300410DFF /* ControllerService.swift */ = {isa = PBXFileReference; lastKnownFileType = sourcecode.swift; path = ControllerService.swift; sourceTree = "<group>"; };
		8E1C55BF26054AE00036AF7B /* Main.storyboard */ = {isa = PBXFileReference; lastKnownFileType = file.storyboard; path = Main.storyboard; sourceTree = "<group>"; };
		8E1E217D25A8EC220058D04B /* ControllerBox.swift */ = {isa = PBXFileReference; lastKnownFileType = sourcecode.swift; path = ControllerBox.swift; sourceTree = "<group>"; };
		8E690479260541C6004B69BD /* AppDelegate.swift */ = {isa = PBXFileReference; lastKnownFileType = sourcecode.swift; path = AppDelegate.swift; sourceTree = "<group>"; };
		8E7924AD25A4AE660098A822 /* DSUController.swift */ = {isa = PBXFileReference; lastKnownFileType = sourcecode.swift; path = DSUController.swift; sourceTree = "<group>"; };
		8E93D71625B22F4A00BEAFB6 /* ClientsViewModel.swift */ = {isa = PBXFileReference; lastKnownFileType = sourcecode.swift; path = ClientsViewModel.swift; sourceTree = "<group>"; };
		8E93D71C25B23A9800BEAFB6 /* ConnectedClient.swift */ = {isa = PBXFileReference; lastKnownFileType = sourcecode.swift; path = ConnectedClient.swift; sourceTree = "<group>"; };
/* End PBXFileReference section */

/* Begin PBXFrameworksBuildPhase section */
		8E06486925A3BF0B00577AF8 /* Frameworks */ = {
			isa = PBXFrameworksBuildPhase;
			buildActionMask = 2147483647;
			files = (
			);
			runOnlyForDeploymentPostprocessing = 0;
		};
		8E06487B25A3BF0D00577AF8 /* Frameworks */ = {
			isa = PBXFrameworksBuildPhase;
			buildActionMask = 2147483647;
			files = (
			);
			runOnlyForDeploymentPostprocessing = 0;
		};
		8E06488625A3BF0D00577AF8 /* Frameworks */ = {
			isa = PBXFrameworksBuildPhase;
			buildActionMask = 2147483647;
			files = (
			);
			runOnlyForDeploymentPostprocessing = 0;
		};
/* End PBXFrameworksBuildPhase section */

/* Begin PBXGroup section */
		8E06486325A3BF0B00577AF8 = {
			isa = PBXGroup;
			children = (
				8E06486E25A3BF0B00577AF8 /* ds4macos */,
				8E06486D25A3BF0B00577AF8 /* Products */,
			);
			sourceTree = "<group>";
		};
		8E06486D25A3BF0B00577AF8 /* Products */ = {
			isa = PBXGroup;
			children = (
				8E06486C25A3BF0B00577AF8 /* ds4macos.app */,
				8E06487E25A3BF0D00577AF8 /* ds4macosTests.xctest */,
				8E06488925A3BF0D00577AF8 /* ds4macosUITests.xctest */,
			);
			name = Products;
			sourceTree = "<group>";
		};
		8E06486E25A3BF0B00577AF8 /* ds4macos */ = {
			isa = PBXGroup;
			children = (
				8E0E518025A653E400410DFF /* Pages */,
				8E06486F25A3BF0B00577AF8 /* AppView.swift */,
				8E06487125A3BF0B00577AF8 /* ContentView.swift */,
				8E06487325A3BF0D00577AF8 /* Assets.xcassets */,
				8E06487825A3BF0D00577AF8 /* Info.plist */,
				8E06487925A3BF0D00577AF8 /* ds4macos.entitlements */,
				8E06487525A3BF0D00577AF8 /* Preview Content */,
				8E0648A625A49D6300577AF8 /* DSUMessage.swift */,
				8E7924AD25A4AE660098A822 /* DSUController.swift */,
				8E0E519C25A6620700410DFF /* ControllerInfo.swift */,
				8E0E51C325A7620B00410DFF /* DSUServer.swift */,
				8E0E51C825A763D300410DFF /* ControllerService.swift */,
				8E03944625AF674F00F1DA1E /* Client.swift */,
				8E93D71625B22F4A00BEAFB6 /* ClientsViewModel.swift */,
				8E690479260541C6004B69BD /* AppDelegate.swift */,
				8E1C55BF26054AE00036AF7B /* Main.storyboard */,
			);
			path = ds4macos;
			sourceTree = "<group>";
		};
		8E06487525A3BF0D00577AF8 /* Preview Content */ = {
			isa = PBXGroup;
			children = (
				8E06487625A3BF0D00577AF8 /* Preview Assets.xcassets */,
			);
			path = "Preview Content";
			sourceTree = "<group>";
		};
		8E0E518025A653E400410DFF /* Pages */ = {
			isa = PBXGroup;
			children = (
				8E93D71B25B23A8400BEAFB6 /* Client */,
				8E1E217C25A8EC120058D04B /* Controller */,
				8E0E518125A6540200410DFF /* SettingsView.swift */,
				8E0E518625A6541300410DFF /* ControllersView.swift */,
				8E0E518B25A6542000410DFF /* ServerView.swift */,
			);
			path = Pages;
			sourceTree = "<group>";
		};
		8E1E217C25A8EC120058D04B /* Controller */ = {
			isa = PBXGroup;
			children = (
				8E1E217D25A8EC220058D04B /* ControllerBox.swift */,
			);
			path = Controller;
			sourceTree = "<group>";
		};
		8E93D71B25B23A8400BEAFB6 /* Client */ = {
			isa = PBXGroup;
			children = (
				8E93D71C25B23A9800BEAFB6 /* ConnectedClient.swift */,
			);
			path = Client;
			sourceTree = "<group>";
		};
/* End PBXGroup section */

/* Begin PBXNativeTarget section */
		8E06486B25A3BF0B00577AF8 /* ds4macos */ = {
			isa = PBXNativeTarget;
			buildConfigurationList = 8E06489225A3BF0D00577AF8 /* Build configuration list for PBXNativeTarget "ds4macos" */;
			buildPhases = (
				8E06486825A3BF0B00577AF8 /* Sources */,
				8E06486925A3BF0B00577AF8 /* Frameworks */,
				8E06486A25A3BF0B00577AF8 /* Resources */,
			);
			buildRules = (
			);
			dependencies = (
			);
			name = ds4macos;
			productName = ds4macos;
			productReference = 8E06486C25A3BF0B00577AF8 /* ds4macos.app */;
			productType = "com.apple.product-type.application";
		};
		8E06487D25A3BF0D00577AF8 /* ds4macosTests */ = {
			isa = PBXNativeTarget;
			buildConfigurationList = 8E06489525A3BF0D00577AF8 /* Build configuration list for PBXNativeTarget "ds4macosTests" */;
			buildPhases = (
				8E06487A25A3BF0D00577AF8 /* Sources */,
				8E06487B25A3BF0D00577AF8 /* Frameworks */,
				8E06487C25A3BF0D00577AF8 /* Resources */,
			);
			buildRules = (
			);
			dependencies = (
				8E06488025A3BF0D00577AF8 /* PBXTargetDependency */,
			);
			name = ds4macosTests;
			productName = ds4macosTests;
			productReference = 8E06487E25A3BF0D00577AF8 /* ds4macosTests.xctest */;
			productType = "com.apple.product-type.bundle.unit-test";
		};
		8E06488825A3BF0D00577AF8 /* ds4macosUITests */ = {
			isa = PBXNativeTarget;
			buildConfigurationList = 8E06489825A3BF0D00577AF8 /* Build configuration list for PBXNativeTarget "ds4macosUITests" */;
			buildPhases = (
				8E06488525A3BF0D00577AF8 /* Sources */,
				8E06488625A3BF0D00577AF8 /* Frameworks */,
				8E06488725A3BF0D00577AF8 /* Resources */,
			);
			buildRules = (
			);
			dependencies = (
				8E06488B25A3BF0D00577AF8 /* PBXTargetDependency */,
			);
			name = ds4macosUITests;
			productName = ds4macosUITests;
			productReference = 8E06488925A3BF0D00577AF8 /* ds4macosUITests.xctest */;
			productType = "com.apple.product-type.bundle.ui-testing";
		};
/* End PBXNativeTarget section */

/* Begin PBXProject section */
		8E06486425A3BF0B00577AF8 /* Project object */ = {
			isa = PBXProject;
			attributes = {
				LastSwiftUpdateCheck = 1220;
				LastUpgradeCheck = 1220;
				TargetAttributes = {
					8E06486B25A3BF0B00577AF8 = {
						CreatedOnToolsVersion = 12.2;
					};
					8E06487D25A3BF0D00577AF8 = {
						CreatedOnToolsVersion = 12.2;
						TestTargetID = 8E06486B25A3BF0B00577AF8;
					};
					8E06488825A3BF0D00577AF8 = {
						CreatedOnToolsVersion = 12.2;
						TestTargetID = 8E06486B25A3BF0B00577AF8;
					};
				};
			};
			buildConfigurationList = 8E06486725A3BF0B00577AF8 /* Build configuration list for PBXProject "ds4macos" */;
			compatibilityVersion = "Xcode 9.3";
			developmentRegion = en;
			hasScannedForEncodings = 0;
			knownRegions = (
				en,
				Base,
			);
			mainGroup = 8E06486325A3BF0B00577AF8;
			productRefGroup = 8E06486D25A3BF0B00577AF8 /* Products */;
			projectDirPath = "";
			projectRoot = "";
			targets = (
				8E06486B25A3BF0B00577AF8 /* ds4macos */,
				8E06487D25A3BF0D00577AF8 /* ds4macosTests */,
				8E06488825A3BF0D00577AF8 /* ds4macosUITests */,
			);
		};
/* End PBXProject section */

/* Begin PBXResourcesBuildPhase section */
		8E06486A25A3BF0B00577AF8 /* Resources */ = {
			isa = PBXResourcesBuildPhase;
			buildActionMask = 2147483647;
			files = (
				8E06487725A3BF0D00577AF8 /* Preview Assets.xcassets in Resources */,
				8E06487425A3BF0D00577AF8 /* Assets.xcassets in Resources */,
				8E1C55C026054AE00036AF7B /* Main.storyboard in Resources */,
			);
			runOnlyForDeploymentPostprocessing = 0;
		};
		8E06487C25A3BF0D00577AF8 /* Resources */ = {
			isa = PBXResourcesBuildPhase;
			buildActionMask = 2147483647;
			files = (
			);
			runOnlyForDeploymentPostprocessing = 0;
		};
		8E06488725A3BF0D00577AF8 /* Resources */ = {
			isa = PBXResourcesBuildPhase;
			buildActionMask = 2147483647;
			files = (
			);
			runOnlyForDeploymentPostprocessing = 0;
		};
/* End PBXResourcesBuildPhase section */

/* Begin PBXSourcesBuildPhase section */
		8E06486825A3BF0B00577AF8 /* Sources */ = {
			isa = PBXSourcesBuildPhase;
			buildActionMask = 2147483647;
			files = (
				8E93D71D25B23A9800BEAFB6 /* ConnectedClient.swift in Sources */,
				8E0E518225A6540200410DFF /* SettingsView.swift in Sources */,
				8E93D71725B22F4A00BEAFB6 /* ClientsViewModel.swift in Sources */,
				8E69047A260541C6004B69BD /* AppDelegate.swift in Sources */,
				8E06487225A3BF0B00577AF8 /* ContentView.swift in Sources */,
				8E03944725AF674F00F1DA1E /* Client.swift in Sources */,
				8E0648A725A49D6300577AF8 /* DSUMessage.swift in Sources */,
				8E0E518C25A6542000410DFF /* ServerView.swift in Sources */,
				8E0E51C425A7620B00410DFF /* DSUServer.swift in Sources */,
				8E7924AE25A4AE660098A822 /* DSUController.swift in Sources */,
				8E0E518725A6541300410DFF /* ControllersView.swift in Sources */,
				8E0E51C925A763D300410DFF /* ControllerService.swift in Sources */,
				8E06487025A3BF0B00577AF8 /* AppView.swift in Sources */,
				8E1E217E25A8EC220058D04B /* ControllerBox.swift in Sources */,
				8E0E519D25A6620700410DFF /* ControllerInfo.swift in Sources */,
			);
			runOnlyForDeploymentPostprocessing = 0;
		};
		8E06487A25A3BF0D00577AF8 /* Sources */ = {
			isa = PBXSourcesBuildPhase;
			buildActionMask = 2147483647;
			files = (
			);
			runOnlyForDeploymentPostprocessing = 0;
		};
		8E06488525A3BF0D00577AF8 /* Sources */ = {
			isa = PBXSourcesBuildPhase;
			buildActionMask = 2147483647;
			files = (
			);
			runOnlyForDeploymentPostprocessing = 0;
		};
/* End PBXSourcesBuildPhase section */

/* Begin PBXTargetDependency section */
		8E06488025A3BF0D00577AF8 /* PBXTargetDependency */ = {
			isa = PBXTargetDependency;
			target = 8E06486B25A3BF0B00577AF8 /* ds4macos */;
			targetProxy = 8E06487F25A3BF0D00577AF8 /* PBXContainerItemProxy */;
		};
		8E06488B25A3BF0D00577AF8 /* PBXTargetDependency */ = {
			isa = PBXTargetDependency;
			target = 8E06486B25A3BF0B00577AF8 /* ds4macos */;
			targetProxy = 8E06488A25A3BF0D00577AF8 /* PBXContainerItemProxy */;
		};
/* End PBXTargetDependency section */

/* Begin XCBuildConfiguration section */
		8E06489025A3BF0D00577AF8 /* Debug */ = {
			isa = XCBuildConfiguration;
			buildSettings = {
				ALWAYS_SEARCH_USER_PATHS = NO;
				CLANG_ANALYZER_NONNULL = YES;
				CLANG_ANALYZER_NUMBER_OBJECT_CONVERSION = YES_AGGRESSIVE;
				CLANG_CXX_LANGUAGE_STANDARD = "gnu++14";
				CLANG_CXX_LIBRARY = "libc++";
				CLANG_ENABLE_MODULES = YES;
				CLANG_ENABLE_OBJC_ARC = YES;
				CLANG_ENABLE_OBJC_WEAK = YES;
				CLANG_WARN_BLOCK_CAPTURE_AUTORELEASING = YES;
				CLANG_WARN_BOOL_CONVERSION = YES;
				CLANG_WARN_COMMA = YES;
				CLANG_WARN_CONSTANT_CONVERSION = YES;
				CLANG_WARN_DEPRECATED_OBJC_IMPLEMENTATIONS = YES;
				CLANG_WARN_DIRECT_OBJC_ISA_USAGE = YES_ERROR;
				CLANG_WARN_DOCUMENTATION_COMMENTS = YES;
				CLANG_WARN_EMPTY_BODY = YES;
				CLANG_WARN_ENUM_CONVERSION = YES;
				CLANG_WARN_INFINITE_RECURSION = YES;
				CLANG_WARN_INT_CONVERSION = YES;
				CLANG_WARN_NON_LITERAL_NULL_CONVERSION = YES;
				CLANG_WARN_OBJC_IMPLICIT_RETAIN_SELF = YES;
				CLANG_WARN_OBJC_LITERAL_CONVERSION = YES;
				CLANG_WARN_OBJC_ROOT_CLASS = YES_ERROR;
				CLANG_WARN_QUOTED_INCLUDE_IN_FRAMEWORK_HEADER = YES;
				CLANG_WARN_RANGE_LOOP_ANALYSIS = YES;
				CLANG_WARN_STRICT_PROTOTYPES = YES;
				CLANG_WARN_SUSPICIOUS_MOVE = YES;
				CLANG_WARN_UNGUARDED_AVAILABILITY = YES_AGGRESSIVE;
				CLANG_WARN_UNREACHABLE_CODE = YES;
				CLANG_WARN__DUPLICATE_METHOD_MATCH = YES;
				COPY_PHASE_STRIP = NO;
				DEBUG_INFORMATION_FORMAT = dwarf;
				ENABLE_STRICT_OBJC_MSGSEND = YES;
				ENABLE_TESTABILITY = YES;
				GCC_C_LANGUAGE_STANDARD = gnu11;
				GCC_DYNAMIC_NO_PIC = NO;
				GCC_NO_COMMON_BLOCKS = YES;
				GCC_OPTIMIZATION_LEVEL = 0;
				GCC_PREPROCESSOR_DEFINITIONS = (
					"DEBUG=1",
					"$(inherited)",
				);
				GCC_WARN_64_TO_32_BIT_CONVERSION = YES;
				GCC_WARN_ABOUT_RETURN_TYPE = YES_ERROR;
				GCC_WARN_UNDECLARED_SELECTOR = YES;
				GCC_WARN_UNINITIALIZED_AUTOS = YES_AGGRESSIVE;
				GCC_WARN_UNUSED_FUNCTION = YES;
				GCC_WARN_UNUSED_VARIABLE = YES;
				MACOSX_DEPLOYMENT_TARGET = 10.15;
				MTL_ENABLE_DEBUG_INFO = INCLUDE_SOURCE;
				MTL_FAST_MATH = YES;
				ONLY_ACTIVE_ARCH = YES;
				SDKROOT = macosx;
				SWIFT_ACTIVE_COMPILATION_CONDITIONS = DEBUG;
				SWIFT_OPTIMIZATION_LEVEL = "-Onone";
			};
			name = Debug;
		};
		8E06489125A3BF0D00577AF8 /* Release */ = {
			isa = XCBuildConfiguration;
			buildSettings = {
				ALWAYS_SEARCH_USER_PATHS = NO;
				CLANG_ANALYZER_NONNULL = YES;
				CLANG_ANALYZER_NUMBER_OBJECT_CONVERSION = YES_AGGRESSIVE;
				CLANG_CXX_LANGUAGE_STANDARD = "gnu++14";
				CLANG_CXX_LIBRARY = "libc++";
				CLANG_ENABLE_MODULES = YES;
				CLANG_ENABLE_OBJC_ARC = YES;
				CLANG_ENABLE_OBJC_WEAK = YES;
				CLANG_WARN_BLOCK_CAPTURE_AUTORELEASING = YES;
				CLANG_WARN_BOOL_CONVERSION = YES;
				CLANG_WARN_COMMA = YES;
				CLANG_WARN_CONSTANT_CONVERSION = YES;
				CLANG_WARN_DEPRECATED_OBJC_IMPLEMENTATIONS = YES;
				CLANG_WARN_DIRECT_OBJC_ISA_USAGE = YES_ERROR;
				CLANG_WARN_DOCUMENTATION_COMMENTS = YES;
				CLANG_WARN_EMPTY_BODY = YES;
				CLANG_WARN_ENUM_CONVERSION = YES;
				CLANG_WARN_INFINITE_RECURSION = YES;
				CLANG_WARN_INT_CONVERSION = YES;
				CLANG_WARN_NON_LITERAL_NULL_CONVERSION = YES;
				CLANG_WARN_OBJC_IMPLICIT_RETAIN_SELF = YES;
				CLANG_WARN_OBJC_LITERAL_CONVERSION = YES;
				CLANG_WARN_OBJC_ROOT_CLASS = YES_ERROR;
				CLANG_WARN_QUOTED_INCLUDE_IN_FRAMEWORK_HEADER = YES;
				CLANG_WARN_RANGE_LOOP_ANALYSIS = YES;
				CLANG_WARN_STRICT_PROTOTYPES = YES;
				CLANG_WARN_SUSPICIOUS_MOVE = YES;
				CLANG_WARN_UNGUARDED_AVAILABILITY = YES_AGGRESSIVE;
				CLANG_WARN_UNREACHABLE_CODE = YES;
				CLANG_WARN__DUPLICATE_METHOD_MATCH = YES;
				COPY_PHASE_STRIP = NO;
				DEBUG_INFORMATION_FORMAT = "dwarf-with-dsym";
				ENABLE_NS_ASSERTIONS = NO;
				ENABLE_STRICT_OBJC_MSGSEND = YES;
				GCC_C_LANGUAGE_STANDARD = gnu11;
				GCC_NO_COMMON_BLOCKS = YES;
				GCC_WARN_64_TO_32_BIT_CONVERSION = YES;
				GCC_WARN_ABOUT_RETURN_TYPE = YES_ERROR;
				GCC_WARN_UNDECLARED_SELECTOR = YES;
				GCC_WARN_UNINITIALIZED_AUTOS = YES_AGGRESSIVE;
				GCC_WARN_UNUSED_FUNCTION = YES;
				GCC_WARN_UNUSED_VARIABLE = YES;
				MACOSX_DEPLOYMENT_TARGET = 10.15;
				MTL_ENABLE_DEBUG_INFO = NO;
				MTL_FAST_MATH = YES;
				SDKROOT = macosx;
				SWIFT_COMPILATION_MODE = wholemodule;
				SWIFT_OPTIMIZATION_LEVEL = "-O";
			};
			name = Release;
		};
		8E06489325A3BF0D00577AF8 /* Debug */ = {
			isa = XCBuildConfiguration;
			buildSettings = {
				ASSETCATALOG_COMPILER_APPICON_NAME = AppIcon;
				ASSETCATALOG_COMPILER_GLOBAL_ACCENT_COLOR_NAME = AccentColor;
				CODE_SIGN_ENTITLEMENTS = ds4macos/ds4macos.entitlements;
				CODE_SIGN_STYLE = Automatic;
				COMBINE_HIDPI_IMAGES = YES;
				DEVELOPMENT_ASSET_PATHS = "\"ds4macos/Preview Content\"";
				DEVELOPMENT_TEAM = JFH2RJBPA9;
				ENABLE_HARDENED_RUNTIME = YES;
				ENABLE_PREVIEWS = YES;
				INFOPLIST_FILE = ds4macos/Info.plist;
				LD_RUNPATH_SEARCH_PATHS = (
					"$(inherited)",
					"@executable_path/../Frameworks",
				);
				MACOSX_DEPLOYMENT_TARGET = 10.15;
				MARKETING_VERSION = 0.2.0;
				PRODUCT_BUNDLE_IDENTIFIER = nl.dijkitech.ds4macos;
				PRODUCT_NAME = "$(TARGET_NAME)";
				SWIFT_VERSION = 5.0;
			};
			name = Debug;
		};
		8E06489425A3BF0D00577AF8 /* Release */ = {
			isa = XCBuildConfiguration;
			buildSettings = {
				ASSETCATALOG_COMPILER_APPICON_NAME = AppIcon;
				ASSETCATALOG_COMPILER_GLOBAL_ACCENT_COLOR_NAME = AccentColor;
				CODE_SIGN_ENTITLEMENTS = ds4macos/ds4macos.entitlements;
				CODE_SIGN_IDENTITY = "-";
				CODE_SIGN_STYLE = Automatic;
				COMBINE_HIDPI_IMAGES = YES;
				DEVELOPMENT_ASSET_PATHS = "\"ds4macos/Preview Content\"";
				DEVELOPMENT_TEAM = "";
				ENABLE_HARDENED_RUNTIME = YES;
				ENABLE_PREVIEWS = YES;
				INFOPLIST_FILE = ds4macos/Info.plist;
				LD_RUNPATH_SEARCH_PATHS = (
					"$(inherited)",
					"@executable_path/../Frameworks",
				);
				MACOSX_DEPLOYMENT_TARGET = 10.15;
				MARKETING_VERSION = 0.2.0;
				PRODUCT_BUNDLE_IDENTIFIER = nl.dijkitech.ds4macos;
				PRODUCT_NAME = "$(TARGET_NAME)";
				SWIFT_VERSION = 5.0;
			};
			name = Release;
		};
		8E06489625A3BF0D00577AF8 /* Debug */ = {
			isa = XCBuildConfiguration;
			buildSettings = {
				ALWAYS_EMBED_SWIFT_STANDARD_LIBRARIES = YES;
				BUNDLE_LOADER = "$(TEST_HOST)";
				CODE_SIGN_STYLE = Automatic;
				COMBINE_HIDPI_IMAGES = YES;
				DEVELOPMENT_TEAM = JFH2RJBPA9;
				INFOPLIST_FILE = ds4macosTests/Info.plist;
				LD_RUNPATH_SEARCH_PATHS = (
					"$(inherited)",
					"@executable_path/../Frameworks",
					"@loader_path/../Frameworks",
				);
				MACOSX_DEPLOYMENT_TARGET = 11.0;
				PRODUCT_BUNDLE_IDENTIFIER = nl.dijkitech.ds4macosTests;
				PRODUCT_NAME = "$(TARGET_NAME)";
				SWIFT_VERSION = 5.0;
				TEST_HOST = "$(BUILT_PRODUCTS_DIR)/ds4macos.app/Contents/MacOS/ds4macos";
			};
			name = Debug;
		};
		8E06489725A3BF0D00577AF8 /* Release */ = {
			isa = XCBuildConfiguration;
			buildSettings = {
				ALWAYS_EMBED_SWIFT_STANDARD_LIBRARIES = YES;
				BUNDLE_LOADER = "$(TEST_HOST)";
				CODE_SIGN_STYLE = Automatic;
				COMBINE_HIDPI_IMAGES = YES;
				DEVELOPMENT_TEAM = JFH2RJBPA9;
				INFOPLIST_FILE = ds4macosTests/Info.plist;
				LD_RUNPATH_SEARCH_PATHS = (
					"$(inherited)",
					"@executable_path/../Frameworks",
					"@loader_path/../Frameworks",
				);
				MACOSX_DEPLOYMENT_TARGET = 11.0;
				PRODUCT_BUNDLE_IDENTIFIER = nl.dijkitech.ds4macosTests;
				PRODUCT_NAME = "$(TARGET_NAME)";
				SWIFT_VERSION = 5.0;
				TEST_HOST = "$(BUILT_PRODUCTS_DIR)/ds4macos.app/Contents/MacOS/ds4macos";
			};
			name = Release;
		};
		8E06489925A3BF0D00577AF8 /* Debug */ = {
			isa = XCBuildConfiguration;
			buildSettings = {
				ALWAYS_EMBED_SWIFT_STANDARD_LIBRARIES = YES;
				CODE_SIGN_STYLE = Automatic;
				COMBINE_HIDPI_IMAGES = YES;
				DEVELOPMENT_TEAM = JFH2RJBPA9;
				INFOPLIST_FILE = ds4macosUITests/Info.plist;
				LD_RUNPATH_SEARCH_PATHS = (
					"$(inherited)",
					"@executable_path/../Frameworks",
					"@loader_path/../Frameworks",
				);
				PRODUCT_BUNDLE_IDENTIFIER = nl.dijkitech.ds4macosUITests;
				PRODUCT_NAME = "$(TARGET_NAME)";
				SWIFT_VERSION = 5.0;
				TEST_TARGET_NAME = ds4macos;
			};
			name = Debug;
		};
		8E06489A25A3BF0D00577AF8 /* Release */ = {
			isa = XCBuildConfiguration;
			buildSettings = {
				ALWAYS_EMBED_SWIFT_STANDARD_LIBRARIES = YES;
				CODE_SIGN_STYLE = Automatic;
				COMBINE_HIDPI_IMAGES = YES;
				DEVELOPMENT_TEAM = JFH2RJBPA9;
				INFOPLIST_FILE = ds4macosUITests/Info.plist;
				LD_RUNPATH_SEARCH_PATHS = (
					"$(inherited)",
					"@executable_path/../Frameworks",
					"@loader_path/../Frameworks",
				);
				PRODUCT_BUNDLE_IDENTIFIER = nl.dijkitech.ds4macosUITests;
				PRODUCT_NAME = "$(TARGET_NAME)";
				SWIFT_VERSION = 5.0;
				TEST_TARGET_NAME = ds4macos;
			};
			name = Release;
		};
/* End XCBuildConfiguration section */

/* Begin XCConfigurationList section */
		8E06486725A3BF0B00577AF8 /* Build configuration list for PBXProject "ds4macos" */ = {
			isa = XCConfigurationList;
			buildConfigurations = (
				8E06489025A3BF0D00577AF8 /* Debug */,
				8E06489125A3BF0D00577AF8 /* Release */,
			);
			defaultConfigurationIsVisible = 0;
			defaultConfigurationName = Release;
		};
		8E06489225A3BF0D00577AF8 /* Build configuration list for PBXNativeTarget "ds4macos" */ = {
			isa = XCConfigurationList;
			buildConfigurations = (
				8E06489325A3BF0D00577AF8 /* Debug */,
				8E06489425A3BF0D00577AF8 /* Release */,
			);
			defaultConfigurationIsVisible = 0;
			defaultConfigurationName = Release;
		};
		8E06489525A3BF0D00577AF8 /* Build configuration list for PBXNativeTarget "ds4macosTests" */ = {
			isa = XCConfigurationList;
			buildConfigurations = (
				8E06489625A3BF0D00577AF8 /* Debug */,
				8E06489725A3BF0D00577AF8 /* Release */,
			);
			defaultConfigurationIsVisible = 0;
			defaultConfigurationName = Release;
		};
		8E06489825A3BF0D00577AF8 /* Build configuration list for PBXNativeTarget "ds4macosUITests" */ = {
			isa = XCConfigurationList;
			buildConfigurations = (
				8E06489925A3BF0D00577AF8 /* Debug */,
				8E06489A25A3BF0D00577AF8 /* Release */,
			);
			defaultConfigurationIsVisible = 0;
			defaultConfigurationName = Release;
		};
/* End XCConfigurationList section */
	};
	rootObject = 8E06486425A3BF0B00577AF8 /* Project object */;
}
